{
  "name": "javierrizzo-dot-com",
  "version": "1.0.0",
  "lockfileVersion": 1,
  "requires": true,
  "dependencies": {
    "cheet.js": {
      "version": "0.3.3",
      "resolved": "https://registry.npmjs.org/cheet.js/-/cheet.js-0.3.3.tgz",
      "integrity": "sha1-yY5f3vyMYkGhzW3PcaCbBjiH2u0="
    },
    "font-awesome": {
      "version": "4.7.0",
      "resolved": "https://registry.npmjs.org/font-awesome/-/font-awesome-4.7.0.tgz",
      "integrity": "sha1-j6jPBBGhoxr9B7BtKQK7n8gVoTM="
    }
  }
}
